// !$*UTF8*$!
{
	archiveVersion = 1;
	classes = {
	};
	objectVersion = 77;
	objects = {

/* Begin PBXBuildFile section */
		0048EC3351EDA1C2B159E069 /* VerbConjugator.swift in Sources */ = {isa = PBXBuildFile; fileRef = 00A99659C624616ABD8B5B86 /* VerbConjugator.swift */; };
		00550350DD1B34BA545F07C4 /* VoicePromptViewModel.swift in Sources */ = {isa = PBXBuildFile; fileRef = 9843D68C30A2DB3DBA38BC09 /* VoicePromptViewModel.swift */; };
		012388EC4F5588FE009148D8 /* Flashcard.swift in Sources */ = {isa = PBXBuildFile; fileRef = 8271019A4A13AC0F035C820F /* Flashcard.swift */; };
		02301B985549C9458FE0534A /* DictionaryView.swift in Sources */ = {isa = PBXBuildFile; fileRef = 8BD1F3E9F1E9B3BC9998F835 /* DictionaryView.swift */; };
		0409B45729F953A37F7B2AE7 /* LLMTranslating.swift in Sources */ = {isa = PBXBuildFile; fileRef = AB0B291F354C77B8B12FB773 /* LLMTranslating.swift */; };
		05E945CACD79E7E8E3FD7B21 /* ChatStore.swift in Sources */ = {isa = PBXBuildFile; fileRef = F6DE7D4F870C7386064022D4 /* ChatStore.swift */; };
		0A84FEA84D1B7331CC630CD5 /* TranslationActionsView.swift in Sources */ = {isa = PBXBuildFile; fileRef = C0531A694F21606D67D23931 /* TranslationActionsView.swift */; };
		0CA64FD6C646F92F796F9EE5 /* DictionaryStoring.swift in Sources */ = {isa = PBXBuildFile; fileRef = A33785B6BAA65575092BA4A6 /* DictionaryStoring.swift */; };
		10B04D75D42269476596C3A7 /* VerbEnglishFormatter.swift in Sources */ = {isa = PBXBuildFile; fileRef = D1C7178FF274DD62F709EC5E /* VerbEnglishFormatter.swift */; };
		12CA2AC005D0E7BD250EEE53 /* ChatView.swift in Sources */ = {isa = PBXBuildFile; fileRef = 9D1A8093A38DD612394793C6 /* ChatView.swift */; };
		15F3531A6F18D1F9784CCA8A /* ChatViewModel.swift in Sources */ = {isa = PBXBuildFile; fileRef = E3D9754B47B590A5D2531E98 /* ChatViewModel.swift */; };
		15FC8FD99D3F97FD39AB4C76 /* EuroLLMTranslator.swift in Sources */ = {isa = PBXBuildFile; fileRef = 8F91FED7CEEDB3F6B4A7E637 /* EuroLLMTranslator.swift */; };
		16A50B603FEF2C3192A8940D /* StudyViewModel.swift in Sources */ = {isa = PBXBuildFile; fileRef = 21C9A6916CC1EB5490534012 /* StudyViewModel.swift */; };
		16A94417A1EC6ABE640CD4DA /* DictionaryStore.swift in Sources */ = {isa = PBXBuildFile; fileRef = A24FEE3FC96A542553265338 /* DictionaryStore.swift */; };
		1863D225CF8420B295909CCF /* StudyViewModel.swift in Sources */ = {isa = PBXBuildFile; fileRef = 21C9A6916CC1EB5490534012 /* StudyViewModel.swift */; };
		193D6E5D590118E8EADD16C3 /* SmartTranslateButton.swift in Sources */ = {isa = PBXBuildFile; fileRef = F1111E350996B4ABF6535812 /* SmartTranslateButton.swift */; };
		1AEDF18B85B986957978B4CE /* ChatService.swift in Sources */ = {isa = PBXBuildFile; fileRef = 29C8422A4033A094929F18DB /* ChatService.swift */; };
		1DA91505A6F4BBCFF72C17A8 /* VerbDetailView.swift in Sources */ = {isa = PBXBuildFile; fileRef = 8F2969F00D949C561ED227C1 /* VerbDetailView.swift */; };
		1F1D32A1CF50DD562C819680 /* FlashcardsPortugesApp.swift in Sources */ = {isa = PBXBuildFile; fileRef = FF206BC1AF36DE7024F09144 /* FlashcardsPortugesApp.swift */; };
		221079FE9BC78CABC3E52A51 /* DictionaryView.swift in Sources */ = {isa = PBXBuildFile; fileRef = 2BEADE284150001F563CA062 /* DictionaryView.swift */; };
		2386D05291788F2E3C8004C8 /* VerbConjugator.swift in Sources */ = {isa = PBXBuildFile; fileRef = 00A99659C624616ABD8B5B86 /* VerbConjugator.swift */; };
		23D0AD0CBABF5826D3EB689A /* DeckDocument.swift in Sources */ = {isa = PBXBuildFile; fileRef = ADECB3C3CF82F240D3704697 /* DeckDocument.swift */; };
		252AE18060D37288B811A1D8 /* LocalTranslationService.swift in Sources */ = {isa = PBXBuildFile; fileRef = 854E30ADD471B58D9A36B311 /* LocalTranslationService.swift */; };
		2787976A475DC2968203C6A1 /* StudyView.swift in Sources */ = {isa = PBXBuildFile; fileRef = C226D9512B1D90EA20F7D6EA /* StudyView.swift */; };
		2B13C98678E537997130C391 /* TranslationService.swift in Sources */ = {isa = PBXBuildFile; fileRef = A226709B9297FA3A46707D0B /* TranslationService.swift */; };
		2BB9F23F06265F0F83289A2C /* ChatView.swift in Sources */ = {isa = PBXBuildFile; fileRef = 1CE37E631E30B9B95B531178 /* ChatView.swift */; };
		2C2113190DC2EFD82AE70386 /* DictionaryStore.swift in Sources */ = {isa = PBXBuildFile; fileRef = A24FEE3FC96A542553265338 /* DictionaryStore.swift */; };
		30D2ACE31E89764DB9C7C973 /* PlatformColor.swift in Sources */ = {isa = PBXBuildFile; fileRef = E08F893C5FC75E1A4A43A713 /* PlatformColor.swift */; };
		347706C456B5A7EE787073E5 /* VoicePromptBanner.swift in Sources */ = {isa = PBXBuildFile; fileRef = E9D14AF73A72972581B51151 /* VoicePromptBanner.swift */; };
		35836039E71480CD59D5B3E2 /* Logger.swift in Sources */ = {isa = PBXBuildFile; fileRef = 826FF9F4A76F8E02A467616B /* Logger.swift */; };
		3707E7EB4B1BCB16375DB23D /* DefinePopover.swift in Sources */ = {isa = PBXBuildFile; fileRef = 2B6751FDB84B4B302FBF6A2C /* DefinePopover.swift */; };
		3803DED1BDB6971CE7BA053D /* Flashcard.swift in Sources */ = {isa = PBXBuildFile; fileRef = 8271019A4A13AC0F035C820F /* Flashcard.swift */; };
		382D639B9205649321245934 /* TranslateViewModel.swift in Sources */ = {isa = PBXBuildFile; fileRef = 9AED2F0B664A164CF8BA4816 /* TranslateViewModel.swift */; };
		38F3B474D38A0B50075F5A19 /* DictionaryStoring.swift in Sources */ = {isa = PBXBuildFile; fileRef = A33785B6BAA65575092BA4A6 /* DictionaryStoring.swift */; };
		3C80C6918A2A95247662CF21 /* StudyView.swift in Sources */ = {isa = PBXBuildFile; fileRef = CC77F7C614498A32435EEE29 /* StudyView.swift */; };
		3E1FC252FDCD6439591BEC21 /* AppAction.swift in Sources */ = {isa = PBXBuildFile; fileRef = 8997C91F81CA8DD421E7981A /* AppAction.swift */; };
		3FA013C1E5EB190B07EA0357 /* ActivityTracker.swift in Sources */ = {isa = PBXBuildFile; fileRef = B2CEA4DB4ADFF28D0000B131 /* ActivityTracker.swift */; };
		4016B16EF82E46E2D10EA670 /* VerbDetailViewModel.swift in Sources */ = {isa = PBXBuildFile; fileRef = 027D02FE89E93819FB90BA07 /* VerbDetailViewModel.swift */; };
		40BF91872DB21B4A2F749692 /* MLXSafety in Frameworks */ = {isa = PBXBuildFile; productRef = 1D68C6C9628530354B8063B3 /* MLXSafety */; };
		428FB245758DDE43956A2D72 /* Assets.xcassets in Resources */ = {isa = PBXBuildFile; fileRef = 9F79B51063D61F67DE8AE469 /* Assets.xcassets */; };
		482BFB459BD70F34BCFCBA50 /* LLMTranslating.swift in Sources */ = {isa = PBXBuildFile; fileRef = AB0B291F354C77B8B12FB773 /* LLMTranslating.swift */; };
		48C6DB8D47DCC5B6587CA079 /* Logger.swift in Sources */ = {isa = PBXBuildFile; fileRef = 826FF9F4A76F8E02A467616B /* Logger.swift */; };
		49966CF9C3CD8F0AAFEFA42D /* TranslationActionsView.swift in Sources */ = {isa = PBXBuildFile; fileRef = C0531A694F21606D67D23931 /* TranslationActionsView.swift */; };
		4D8864803F43D1EC8C2F8092 /* MLXSafety in Frameworks */ = {isa = PBXBuildFile; productRef = 6C367D92FBBB69517B5BDD25 /* MLXSafety */; };
		4DE617E6014260D64001D359 /* SmartTranslateButton.swift in Sources */ = {isa = PBXBuildFile; fileRef = F1111E350996B4ABF6535812 /* SmartTranslateButton.swift */; };
		4E0D7D021B5BACE7B0FF668D /* ChatMessageBubble.swift in Sources */ = {isa = PBXBuildFile; fileRef = DDBDFB2E4BA2BF47FE9CEB0D /* ChatMessageBubble.swift */; };
		5179BFA788AB3E2A1C8767E4 /* SettingsView.swift in Sources */ = {isa = PBXBuildFile; fileRef = 30786C593B7C9750C48992B8 /* SettingsView.swift */; };
		5529AD37DB88444DC0C85CA5 /* LocalTranslationService.swift in Sources */ = {isa = PBXBuildFile; fileRef = 854E30ADD471B58D9A36B311 /* LocalTranslationService.swift */; };
		555A14DE7C2BC0633F5DB609 /* SpeechService.swift in Sources */ = {isa = PBXBuildFile; fileRef = A833EE61200C245BE0CF0670 /* SpeechService.swift */; };
		558F05D12637BBBCA3BC87B4 /* FlashcardsPortugesIPadApp.swift in Sources */ = {isa = PBXBuildFile; fileRef = 43AB600A24911F87050A9568 /* FlashcardsPortugesIPadApp.swift */; };
		55FFE1896306EBB5FE464590 /* VerbEnglishFormatter.swift in Sources */ = {isa = PBXBuildFile; fileRef = D1C7178FF274DD62F709EC5E /* VerbEnglishFormatter.swift */; };
		568D511E399D3ED722D2940C /* DictionaryViewModel.swift in Sources */ = {isa = PBXBuildFile; fileRef = BC46C1AB39A4485E72DB5E02 /* DictionaryViewModel.swift */; };
		571DBA7C9BD8B5428EE983E2 /* Prompts in Resources */ = {isa = PBXBuildFile; fileRef = 8FAD89ADFCFFD418623B99DC /* Prompts */; };
		595B1C8FC8A8581A6F9CF0F8 /* ActivityTracker.swift in Sources */ = {isa = PBXBuildFile; fileRef = B2CEA4DB4ADFF28D0000B131 /* ActivityTracker.swift */; };
		59629E4330752DB891349DDB /* EuroLLMTranslator.swift in Sources */ = {isa = PBXBuildFile; fileRef = 8F91FED7CEEDB3F6B4A7E637 /* EuroLLMTranslator.swift */; };
		5C8B3DF8C43CD6D55FFA9AE6 /* Flashcards.icns in Resources */ = {isa = PBXBuildFile; fileRef = 4865A0B248EAD240A942A70E /* Flashcards.icns */; };
		5DE650C0C4976960D52F3436 /* AppActionExecutor.swift in Sources */ = {isa = PBXBuildFile; fileRef = 68BB2A581F6EFA2736B9D81D /* AppActionExecutor.swift */; };
		60C6188D0D7BF93F73CC72AA /* DictionaryLookup.swift in Sources */ = {isa = PBXBuildFile; fileRef = 682D0F18C27FFED9ACAAC902 /* DictionaryLookup.swift */; };
		622DDC389559F128A81A94AC /* DeckFileService.swift in Sources */ = {isa = PBXBuildFile; fileRef = 85CC279DE5F89B25FAB279AA /* DeckFileService.swift */; };
		62EFF547CEBFB572663E9A1D /* PlatformColor.swift in Sources */ = {isa = PBXBuildFile; fileRef = E08F893C5FC75E1A4A43A713 /* PlatformColor.swift */; };
		63924A4D08B0CBF4A1620482 /* FlashcardsPortugesIOSApp.swift in Sources */ = {isa = PBXBuildFile; fileRef = 0D7E28A77D7F67E3459331FC /* FlashcardsPortugesIOSApp.swift */; };
		6397AEA657C6C6020FEB3DE7 /* StudyViewModel.swift in Sources */ = {isa = PBXBuildFile; fileRef = 21C9A6916CC1EB5490534012 /* StudyViewModel.swift */; };
		66BA5D81E81B6293D5F3ABE9 /* TranslationActionsView.swift in Sources */ = {isa = PBXBuildFile; fileRef = C0531A694F21606D67D23931 /* TranslationActionsView.swift */; };
		66DC6F08ADAB7B865D55CB10 /* ContentView.swift in Sources */ = {isa = PBXBuildFile; fileRef = 713C6C23DEC1EC07D6B36004 /* ContentView.swift */; };
		67161F94C05DFFBEC6211A21 /* Flashcard.swift in Sources */ = {isa = PBXBuildFile; fileRef = 8271019A4A13AC0F035C820F /* Flashcard.swift */; };
		69CC4B0CA1F2D812D78522B3 /* PathProvider.swift in Sources */ = {isa = PBXBuildFile; fileRef = FA326F4E8B4D57CC124225C5 /* PathProvider.swift */; };
		6F7EED5DC7F9446212D373F3 /* ChatMessageBubble.swift in Sources */ = {isa = PBXBuildFile; fileRef = DDBDFB2E4BA2BF47FE9CEB0D /* ChatMessageBubble.swift */; };
		723311A57997A2F6CA5DAE97 /* TranslateView.swift in Sources */ = {isa = PBXBuildFile; fileRef = AEFB705D796FE912EEBCE3A8 /* TranslateView.swift */; };
		723A1E9ED8779BD352F35DCB /* VoiceAvailability.swift in Sources */ = {isa = PBXBuildFile; fileRef = 367E8D38ABB18C51A331120E /* VoiceAvailability.swift */; };
		788D21F094744A8DAB31EF4F /* AppActionExecutor.swift in Sources */ = {isa = PBXBuildFile; fileRef = 68BB2A581F6EFA2736B9D81D /* AppActionExecutor.swift */; };
		797D31FD7471E1896E7D72BE /* PromptLoader.swift in Sources */ = {isa = PBXBuildFile; fileRef = 4692E1F8B03985410858CF47 /* PromptLoader.swift */; };
		7C5514AEF742337DA00870B7 /* ContentView.swift in Sources */ = {isa = PBXBuildFile; fileRef = 3462C060F98C87F4E7330932 /* ContentView.swift */; };
		7E4FE0E3AACAD920CFBD3EC0 /* DeckDocument.swift in Sources */ = {isa = PBXBuildFile; fileRef = ADECB3C3CF82F240D3704697 /* DeckDocument.swift */; };
		800CB8A77AF1561EDEC8835E /* VoicePreferences.swift in Sources */ = {isa = PBXBuildFile; fileRef = C94C0DCC4EF06284681448AF /* VoicePreferences.swift */; };
		801B3B42C22AD8AC092ED78C /* VoiceAvailability.swift in Sources */ = {isa = PBXBuildFile; fileRef = 367E8D38ABB18C51A331120E /* VoiceAvailability.swift */; };
		805D14AA1653B8CAF8185DA5 /* SettingsView.swift in Sources */ = {isa = PBXBuildFile; fileRef = 9E623D86833D71EA1D12DB2D /* SettingsView.swift */; };
		819C826233394E622E777E04 /* PathProvider.swift in Sources */ = {isa = PBXBuildFile; fileRef = FA326F4E8B4D57CC124225C5 /* PathProvider.swift */; };
		833EDC7558CA9DD73F055D38 /* VoicePreferences.swift in Sources */ = {isa = PBXBuildFile; fileRef = C94C0DCC4EF06284681448AF /* VoicePreferences.swift */; };
		8393C1F302837BA09588A7B4 /* DictionaryLookup.swift in Sources */ = {isa = PBXBuildFile; fileRef = 682D0F18C27FFED9ACAAC902 /* DictionaryLookup.swift */; };
		84B9391A7A928475236A75D2 /* Assets.xcassets in Resources */ = {isa = PBXBuildFile; fileRef = 9F79B51063D61F67DE8AE469 /* Assets.xcassets */; };
		862A758B84419B40019214EC /* VoicePromptBanner.swift in Sources */ = {isa = PBXBuildFile; fileRef = E9D14AF73A72972581B51151 /* VoicePromptBanner.swift */; };
		86778AB3F85555A3B9C21E76 /* Prompts in Resources */ = {isa = PBXBuildFile; fileRef = 8FAD89ADFCFFD418623B99DC /* Prompts */; };
		8A978AE8EA16262DA2232E8A /* SpeechService.swift in Sources */ = {isa = PBXBuildFile; fileRef = A833EE61200C245BE0CF0670 /* SpeechService.swift */; };
		8D0C36BB58FC339F940E6239 /* TranslationService.swift in Sources */ = {isa = PBXBuildFile; fileRef = A226709B9297FA3A46707D0B /* TranslationService.swift */; };
		9057A0930D21D3B81ED12E74 /* VoiceAvailability.swift in Sources */ = {isa = PBXBuildFile; fileRef = 367E8D38ABB18C51A331120E /* VoiceAvailability.swift */; };
		90E5B0E3FEB608D187AEED04 /* Prompts in Resources */ = {isa = PBXBuildFile; fileRef = 8FAD89ADFCFFD418623B99DC /* Prompts */; };
		91B44796426BEA8B4ED8D218 /* VerbEnglishFormatter.swift in Sources */ = {isa = PBXBuildFile; fileRef = D1C7178FF274DD62F709EC5E /* VerbEnglishFormatter.swift */; };
		92A8F349684EB0A6E80DBAFD /* VoicePromptViewModel.swift in Sources */ = {isa = PBXBuildFile; fileRef = 9843D68C30A2DB3DBA38BC09 /* VoicePromptViewModel.swift */; };
		93534A0558C2748C7981A8EF /* LLMTranslating.swift in Sources */ = {isa = PBXBuildFile; fileRef = AB0B291F354C77B8B12FB773 /* LLMTranslating.swift */; };
		942C6D26590E59285D06B14F /* AppAction.swift in Sources */ = {isa = PBXBuildFile; fileRef = 8997C91F81CA8DD421E7981A /* AppAction.swift */; };
		96538899197EA8C96FE39F2D /* ChatMessageBubble.swift in Sources */ = {isa = PBXBuildFile; fileRef = DDBDFB2E4BA2BF47FE9CEB0D /* ChatMessageBubble.swift */; };
		97AE1C77569FDFE5BFEACDEB /* VerbConjugator.swift in Sources */ = {isa = PBXBuildFile; fileRef = 00A99659C624616ABD8B5B86 /* VerbConjugator.swift */; };
		9811CBB290D2D6B03A1999DB /* ModelStatusPill.swift in Sources */ = {isa = PBXBuildFile; fileRef = 8843478178F699C32FD7DF48 /* ModelStatusPill.swift */; };
		98BF9A5F6046E1D07C0AD2FA /* VoicePromptBanner.swift in Sources */ = {isa = PBXBuildFile; fileRef = E9D14AF73A72972581B51151 /* VoicePromptBanner.swift */; };
		9A6CADC78F5E83A2C270C51C /* TranslateViewModel.swift in Sources */ = {isa = PBXBuildFile; fileRef = 9AED2F0B664A164CF8BA4816 /* TranslateViewModel.swift */; };
		9E7EE4933D7B1DB8BB53E8B0 /* MLXSafety in Frameworks */ = {isa = PBXBuildFile; productRef = 420E4646B1F2D146BEEB4E41 /* MLXSafety */; };
		A1739A3554775EECD22E81A3 /* ChatViewModel.swift in Sources */ = {isa = PBXBuildFile; fileRef = E3D9754B47B590A5D2531E98 /* ChatViewModel.swift */; };
		A2A60CC5598EC70BC33E1B32 /* DictionaryView.swift in Sources */ = {isa = PBXBuildFile; fileRef = BB5A857B208EB704FB7002F9 /* DictionaryView.swift */; };
		A4D39D0EFE4944726CDF1BE7 /* DeckFileService.swift in Sources */ = {isa = PBXBuildFile; fileRef = 85CC279DE5F89B25FAB279AA /* DeckFileService.swift */; };
		A5B1964A72E25D7F1F7B7550 /* Assets.xcassets in Resources */ = {isa = PBXBuildFile; fileRef = 9F79B51063D61F67DE8AE469 /* Assets.xcassets */; };
		A5CC98CBE3DA66501EC07B6D /* DictionaryLookup.swift in Sources */ = {isa = PBXBuildFile; fileRef = 682D0F18C27FFED9ACAAC902 /* DictionaryLookup.swift */; };
		A76D8BA7D88DF470411F1E41 /* VoicePromptViewModel.swift in Sources */ = {isa = PBXBuildFile; fileRef = 9843D68C30A2DB3DBA38BC09 /* VoicePromptViewModel.swift */; };
		A7A96D8D0EEEA025EC33BE7B /* ActivityTracker.swift in Sources */ = {isa = PBXBuildFile; fileRef = B2CEA4DB4ADFF28D0000B131 /* ActivityTracker.swift */; };
		AA6735AC7445D95405987A8A /* DeckFileService.swift in Sources */ = {isa = PBXBuildFile; fileRef = 85CC279DE5F89B25FAB279AA /* DeckFileService.swift */; };
		AB67E183E982480165F89389 /* VerbDetailView.swift in Sources */ = {isa = PBXBuildFile; fileRef = 1EDDB2A9136DC0FCCEF5439D /* VerbDetailView.swift */; };
		AC8741E880BB4CC181DD4779 /* EuroLLMCatalog.swift in Sources */ = {isa = PBXBuildFile; fileRef = 5DDF827ED96EBA9EBFA5E862 /* EuroLLMCatalog.swift */; };
		B203287F5A69D585A7D6C444 /* Logger.swift in Sources */ = {isa = PBXBuildFile; fileRef = 826FF9F4A76F8E02A467616B /* Logger.swift */; };
		B348D4EB45341DE227D597CE /* ChatStore.swift in Sources */ = {isa = PBXBuildFile; fileRef = F6DE7D4F870C7386064022D4 /* ChatStore.swift */; };
		BC9A9A77B0AD741375188A81 /* PromptLoader.swift in Sources */ = {isa = PBXBuildFile; fileRef = 4692E1F8B03985410858CF47 /* PromptLoader.swift */; };
		BD624F0EC7261825ED0FDE99 /* AppAction.swift in Sources */ = {isa = PBXBuildFile; fileRef = 8997C91F81CA8DD421E7981A /* AppAction.swift */; };
		BDCB1759D9D8CD8F9F0B6F4D /* EuroLLMCatalog.swift in Sources */ = {isa = PBXBuildFile; fileRef = 5DDF827ED96EBA9EBFA5E862 /* EuroLLMCatalog.swift */; };
		BEB85E91BBBABCFD106B0DA0 /* ChatService.swift in Sources */ = {isa = PBXBuildFile; fileRef = 29C8422A4033A094929F18DB /* ChatService.swift */; };
		C180670FF8FA789B889564BF /* ChatService.swift in Sources */ = {isa = PBXBuildFile; fileRef = 29C8422A4033A094929F18DB /* ChatService.swift */; };
		C3390E7A4A734EBD2FC553F8 /* ModelStatusPill.swift in Sources */ = {isa = PBXBuildFile; fileRef = 8843478178F699C32FD7DF48 /* ModelStatusPill.swift */; };
		C5B87FA8763F48636E802DAE /* VerbDetailView.swift in Sources */ = {isa = PBXBuildFile; fileRef = 782DA7112E8B2E5812633AD8 /* VerbDetailView.swift */; };
		C7851CFB18F3D03D97A95EB6 /* StudyView.swift in Sources */ = {isa = PBXBuildFile; fileRef = 57009BBB0E1E3B2F9B1DDF1A /* StudyView.swift */; };
		C7C8288BA4BA8467BEB7ACB1 /* SpeechService.swift in Sources */ = {isa = PBXBuildFile; fileRef = A833EE61200C245BE0CF0670 /* SpeechService.swift */; };
		C7E708F35423F4DF9DAC0EAF /* PlatformColor.swift in Sources */ = {isa = PBXBuildFile; fileRef = E08F893C5FC75E1A4A43A713 /* PlatformColor.swift */; };
		C8C44B72CE7D8ACB5099DD76 /* TranslationService.swift in Sources */ = {isa = PBXBuildFile; fileRef = A226709B9297FA3A46707D0B /* TranslationService.swift */; };
		CC79BBCE920BF97498BCA98D /* VerbDetailViewModel.swift in Sources */ = {isa = PBXBuildFile; fileRef = 027D02FE89E93819FB90BA07 /* VerbDetailViewModel.swift */; };
		CD4603B79A098227ECAB9018 /* DictionaryStore.swift in Sources */ = {isa = PBXBuildFile; fileRef = A24FEE3FC96A542553265338 /* DictionaryStore.swift */; };
		CDB073218C1B8F50CDBCF5C0 /* DefinePopover.swift in Sources */ = {isa = PBXBuildFile; fileRef = 2B6751FDB84B4B302FBF6A2C /* DefinePopover.swift */; };
		CE1AC7314222AF9505B71FFC /* MLXModelKit in Frameworks */ = {isa = PBXBuildFile; productRef = 00ED4497382AB05A1F4A968D /* MLXModelKit */; };
		D208C3AEC7E55A74AA8F9DDD /* ChatView.swift in Sources */ = {isa = PBXBuildFile; fileRef = 8419347F75D759D6E1D5AA67 /* ChatView.swift */; };
		D2FD244F0E7C0E7D87E3649E /* DeckDocument.swift in Sources */ = {isa = PBXBuildFile; fileRef = ADECB3C3CF82F240D3704697 /* DeckDocument.swift */; };
		D6EA9F481DD50B58F28F9C06 /* VoicePreferences.swift in Sources */ = {isa = PBXBuildFile; fileRef = C94C0DCC4EF06284681448AF /* VoicePreferences.swift */; };
		D878D5AFE552FC654C71F2C1 /* PathProvider.swift in Sources */ = {isa = PBXBuildFile; fileRef = FA326F4E8B4D57CC124225C5 /* PathProvider.swift */; };
		DD23BAECB4E746F31B7300F8 /* VerbDetailViewModel.swift in Sources */ = {isa = PBXBuildFile; fileRef = 027D02FE89E93819FB90BA07 /* VerbDetailViewModel.swift */; };
		E0044A03FC900A84073C6767 /* SettingsView.swift in Sources */ = {isa = PBXBuildFile; fileRef = 14742B44E4624B2C6BB79472 /* SettingsView.swift */; };
		E8EDCD6A56DC7E90A1B386F0 /* MLXModelKit in Frameworks */ = {isa = PBXBuildFile; productRef = 7652E72837590EE49116C94D /* MLXModelKit */; };
		E9186979B846D93804493A89 /* StudyDeck.icns in Resources */ = {isa = PBXBuildFile; fileRef = B2CBAA1ADD60B0172F2B392C /* StudyDeck.icns */; };
		EA277E94BF426416757BEBCA /* TranslateView.swift in Sources */ = {isa = PBXBuildFile; fileRef = 65FE02B61565303706281474 /* TranslateView.swift */; };
		EBC6129EF99AB3F75CC86C66 /* TranslateViewModel.swift in Sources */ = {isa = PBXBuildFile; fileRef = 9AED2F0B664A164CF8BA4816 /* TranslateViewModel.swift */; };
		EC7AA33016E433FDF456D339 /* ModelStatusPill.swift in Sources */ = {isa = PBXBuildFile; fileRef = 8843478178F699C32FD7DF48 /* ModelStatusPill.swift */; };
		ED48122A374FE30AFBBC6804 /* MLXModelKit in Frameworks */ = {isa = PBXBuildFile; productRef = DC813550B7C58652DF961CA7 /* MLXModelKit */; };
		F0516873F3E3B00AB2EA557B /* ChatViewModel.swift in Sources */ = {isa = PBXBuildFile; fileRef = E3D9754B47B590A5D2531E98 /* ChatViewModel.swift */; };
		F11BC93E75FA505103F9FA92 /* EuroLLMCatalog.swift in Sources */ = {isa = PBXBuildFile; fileRef = 5DDF827ED96EBA9EBFA5E862 /* EuroLLMCatalog.swift */; };
		F151287FEB2B2441CBC98C93 /* DictionaryViewModel.swift in Sources */ = {isa = PBXBuildFile; fileRef = BC46C1AB39A4485E72DB5E02 /* DictionaryViewModel.swift */; };
		F2776173D980D73277CBEBCB /* TranslateView.swift in Sources */ = {isa = PBXBuildFile; fileRef = 12717331997540B9A4C33536 /* TranslateView.swift */; };
		F38911D75343631EDCC6CB72 /* SmartTranslateButton.swift in Sources */ = {isa = PBXBuildFile; fileRef = F1111E350996B4ABF6535812 /* SmartTranslateButton.swift */; };
		F7F8A482362271CD610363DB /* PromptLoader.swift in Sources */ = {isa = PBXBuildFile; fileRef = 4692E1F8B03985410858CF47 /* PromptLoader.swift */; };
		F9301A240EC962C700BF4F91 /* EuroLLMTranslator.swift in Sources */ = {isa = PBXBuildFile; fileRef = 8F91FED7CEEDB3F6B4A7E637 /* EuroLLMTranslator.swift */; };
		FA8EDD5CCB4D8AE00674D699 /* ContentView.swift in Sources */ = {isa = PBXBuildFile; fileRef = 9AF948C523DA16290780E7D7 /* ContentView.swift */; };
		FAC70D3EBEE5F4D94A2D6A26 /* ChatStore.swift in Sources */ = {isa = PBXBuildFile; fileRef = F6DE7D4F870C7386064022D4 /* ChatStore.swift */; };
		FB5F02E0134A80CBDA6A1E70 /* LocalTranslationService.swift in Sources */ = {isa = PBXBuildFile; fileRef = 854E30ADD471B58D9A36B311 /* LocalTranslationService.swift */; };
		FE3804813E4CBE54B03D67D4 /* DictionaryViewModel.swift in Sources */ = {isa = PBXBuildFile; fileRef = BC46C1AB39A4485E72DB5E02 /* DictionaryViewModel.swift */; };
		FE5B50E04EAAC4AC9E71F5BA /* AppActionExecutor.swift in Sources */ = {isa = PBXBuildFile; fileRef = 68BB2A581F6EFA2736B9D81D /* AppActionExecutor.swift */; };
		FEB5C59B70E15E968BEBB2ED /* DefinePopover.swift in Sources */ = {isa = PBXBuildFile; fileRef = 2B6751FDB84B4B302FBF6A2C /* DefinePopover.swift */; };
		FF5143AAA40996BC2031FD00 /* DictionaryStoring.swift in Sources */ = {isa = PBXBuildFile; fileRef = A33785B6BAA65575092BA4A6 /* DictionaryStoring.swift */; };
/* End PBXBuildFile section */

/* Begin PBXFileReference section */
		00A99659C624616ABD8B5B86 /* VerbConjugator.swift */ = {isa = PBXFileReference; lastKnownFileType = sourcecode.swift; path = VerbConjugator.swift; sourceTree = "<group>"; };
		027D02FE89E93819FB90BA07 /* VerbDetailViewModel.swift */ = {isa = PBXFileReference; lastKnownFileType = sourcecode.swift; path = VerbDetailViewModel.swift; sourceTree = "<group>"; };
		0D7E28A77D7F67E3459331FC /* FlashcardsPortugesIOSApp.swift */ = {isa = PBXFileReference; lastKnownFileType = sourcecode.swift; path = FlashcardsPortugesIOSApp.swift; sourceTree = "<group>"; };
		12717331997540B9A4C33536 /* TranslateView.swift */ = {isa = PBXFileReference; lastKnownFileType = sourcecode.swift; path = TranslateView.swift; sourceTree = "<group>"; };
		14742B44E4624B2C6BB79472 /* SettingsView.swift */ = {isa = PBXFileReference; lastKnownFileType = sourcecode.swift; path = SettingsView.swift; sourceTree = "<group>"; };
		1CE37E631E30B9B95B531178 /* ChatView.swift */ = {isa = PBXFileReference; lastKnownFileType = sourcecode.swift; path = ChatView.swift; sourceTree = "<group>"; };
		1DACC4A4DACAC34578A250C9 /* FlashcardsPortuges.app */ = {isa = PBXFileReference; explicitFileType = wrapper.application; includeInIndex = 0; path = FlashcardsPortuges.app; sourceTree = BUILT_PRODUCTS_DIR; };
		1EDDB2A9136DC0FCCEF5439D /* VerbDetailView.swift */ = {isa = PBXFileReference; lastKnownFileType = sourcecode.swift; path = VerbDetailView.swift; sourceTree = "<group>"; };
		21C9A6916CC1EB5490534012 /* StudyViewModel.swift */ = {isa = PBXFileReference; lastKnownFileType = sourcecode.swift; path = StudyViewModel.swift; sourceTree = "<group>"; };
		29C8422A4033A094929F18DB /* ChatService.swift */ = {isa = PBXFileReference; lastKnownFileType = sourcecode.swift; path = ChatService.swift; sourceTree = "<group>"; };
		2B6751FDB84B4B302FBF6A2C /* DefinePopover.swift */ = {isa = PBXFileReference; lastKnownFileType = sourcecode.swift; path = DefinePopover.swift; sourceTree = "<group>"; };
		2BEADE284150001F563CA062 /* DictionaryView.swift */ = {isa = PBXFileReference; lastKnownFileType = sourcecode.swift; path = DictionaryView.swift; sourceTree = "<group>"; };
		30786C593B7C9750C48992B8 /* SettingsView.swift */ = {isa = PBXFileReference; lastKnownFileType = sourcecode.swift; path = SettingsView.swift; sourceTree = "<group>"; };
		3462C060F98C87F4E7330932 /* ContentView.swift */ = {isa = PBXFileReference; lastKnownFileType = sourcecode.swift; path = ContentView.swift; sourceTree = "<group>"; };
		367E8D38ABB18C51A331120E /* VoiceAvailability.swift */ = {isa = PBXFileReference; lastKnownFileType = sourcecode.swift; path = VoiceAvailability.swift; sourceTree = "<group>"; };
		43AB600A24911F87050A9568 /* FlashcardsPortugesIPadApp.swift */ = {isa = PBXFileReference; lastKnownFileType = sourcecode.swift; path = FlashcardsPortugesIPadApp.swift; sourceTree = "<group>"; };
		4692E1F8B03985410858CF47 /* PromptLoader.swift */ = {isa = PBXFileReference; lastKnownFileType = sourcecode.swift; path = PromptLoader.swift; sourceTree = "<group>"; };
		4865A0B248EAD240A942A70E /* Flashcards.icns */ = {isa = PBXFileReference; lastKnownFileType = image.icns; path = Flashcards.icns; sourceTree = "<group>"; };
		57009BBB0E1E3B2F9B1DDF1A /* StudyView.swift */ = {isa = PBXFileReference; lastKnownFileType = sourcecode.swift; path = StudyView.swift; sourceTree = "<group>"; };
		5DDF827ED96EBA9EBFA5E862 /* EuroLLMCatalog.swift */ = {isa = PBXFileReference; lastKnownFileType = sourcecode.swift; path = EuroLLMCatalog.swift; sourceTree = "<group>"; };
		65FE02B61565303706281474 /* TranslateView.swift */ = {isa = PBXFileReference; lastKnownFileType = sourcecode.swift; path = TranslateView.swift; sourceTree = "<group>"; };
		682D0F18C27FFED9ACAAC902 /* DictionaryLookup.swift */ = {isa = PBXFileReference; lastKnownFileType = sourcecode.swift; path = DictionaryLookup.swift; sourceTree = "<group>"; };
		68BB2A581F6EFA2736B9D81D /* AppActionExecutor.swift */ = {isa = PBXFileReference; lastKnownFileType = sourcecode.swift; path = AppActionExecutor.swift; sourceTree = "<group>"; };
		713C6C23DEC1EC07D6B36004 /* ContentView.swift */ = {isa = PBXFileReference; lastKnownFileType = sourcecode.swift; path = ContentView.swift; sourceTree = "<group>"; };
		782DA7112E8B2E5812633AD8 /* VerbDetailView.swift */ = {isa = PBXFileReference; lastKnownFileType = sourcecode.swift; path = VerbDetailView.swift; sourceTree = "<group>"; };
		826FF9F4A76F8E02A467616B /* Logger.swift */ = {isa = PBXFileReference; lastKnownFileType = sourcecode.swift; path = Logger.swift; sourceTree = "<group>"; };
		8271019A4A13AC0F035C820F /* Flashcard.swift */ = {isa = PBXFileReference; lastKnownFileType = sourcecode.swift; path = Flashcard.swift; sourceTree = "<group>"; };
		8419347F75D759D6E1D5AA67 /* ChatView.swift */ = {isa = PBXFileReference; lastKnownFileType = sourcecode.swift; path = ChatView.swift; sourceTree = "<group>"; };
		854E30ADD471B58D9A36B311 /* LocalTranslationService.swift */ = {isa = PBXFileReference; lastKnownFileType = sourcecode.swift; path = LocalTranslationService.swift; sourceTree = "<group>"; };
		85CC279DE5F89B25FAB279AA /* DeckFileService.swift */ = {isa = PBXFileReference; lastKnownFileType = sourcecode.swift; path = DeckFileService.swift; sourceTree = "<group>"; };
		8843478178F699C32FD7DF48 /* ModelStatusPill.swift */ = {isa = PBXFileReference; lastKnownFileType = sourcecode.swift; path = ModelStatusPill.swift; sourceTree = "<group>"; };
		8997C91F81CA8DD421E7981A /* AppAction.swift */ = {isa = PBXFileReference; lastKnownFileType = sourcecode.swift; path = AppAction.swift; sourceTree = "<group>"; };
		8BD1F3E9F1E9B3BC9998F835 /* DictionaryView.swift */ = {isa = PBXFileReference; lastKnownFileType = sourcecode.swift; path = DictionaryView.swift; sourceTree = "<group>"; };
		8F2969F00D949C561ED227C1 /* VerbDetailView.swift */ = {isa = PBXFileReference; lastKnownFileType = sourcecode.swift; path = VerbDetailView.swift; sourceTree = "<group>"; };
		8F91FED7CEEDB3F6B4A7E637 /* EuroLLMTranslator.swift */ = {isa = PBXFileReference; lastKnownFileType = sourcecode.swift; path = EuroLLMTranslator.swift; sourceTree = "<group>"; };
		8FAD89ADFCFFD418623B99DC /* Prompts */ = {isa = PBXFileReference; lastKnownFileType = folder; name = Prompts; path = Sources/FlashcardsPortuges/Resources/Prompts; sourceTree = SOURCE_ROOT; };
		9843D68C30A2DB3DBA38BC09 /* VoicePromptViewModel.swift */ = {isa = PBXFileReference; lastKnownFileType = sourcecode.swift; path = VoicePromptViewModel.swift; sourceTree = "<group>"; };
		9AED2F0B664A164CF8BA4816 /* TranslateViewModel.swift */ = {isa = PBXFileReference; lastKnownFileType = sourcecode.swift; path = TranslateViewModel.swift; sourceTree = "<group>"; };
		9AF948C523DA16290780E7D7 /* ContentView.swift */ = {isa = PBXFileReference; lastKnownFileType = sourcecode.swift; path = ContentView.swift; sourceTree = "<group>"; };
		9D1A8093A38DD612394793C6 /* ChatView.swift */ = {isa = PBXFileReference; lastKnownFileType = sourcecode.swift; path = ChatView.swift; sourceTree = "<group>"; };
		9E623D86833D71EA1D12DB2D /* SettingsView.swift */ = {isa = PBXFileReference; lastKnownFileType = sourcecode.swift; path = SettingsView.swift; sourceTree = "<group>"; };
		9F79B51063D61F67DE8AE469 /* Assets.xcassets */ = {isa = PBXFileReference; lastKnownFileType = folder.assetcatalog; path = Assets.xcassets; sourceTree = "<group>"; };
		A226709B9297FA3A46707D0B /* TranslationService.swift */ = {isa = PBXFileReference; lastKnownFileType = sourcecode.swift; path = TranslationService.swift; sourceTree = "<group>"; };
		A24FEE3FC96A542553265338 /* DictionaryStore.swift */ = {isa = PBXFileReference; lastKnownFileType = sourcecode.swift; path = DictionaryStore.swift; sourceTree = "<group>"; };
		A33785B6BAA65575092BA4A6 /* DictionaryStoring.swift */ = {isa = PBXFileReference; lastKnownFileType = sourcecode.swift; path = DictionaryStoring.swift; sourceTree = "<group>"; };
		A3B7C7E6AF4A76644D894900 /* FlashcardsPortugesIPad.app */ = {isa = PBXFileReference; includeInIndex = 0; lastKnownFileType = wrapper.application; path = FlashcardsPortugesIPad.app; sourceTree = BUILT_PRODUCTS_DIR; };
		A833EE61200C245BE0CF0670 /* SpeechService.swift */ = {isa = PBXFileReference; lastKnownFileType = sourcecode.swift; path = SpeechService.swift; sourceTree = "<group>"; };
		AB0B291F354C77B8B12FB773 /* LLMTranslating.swift */ = {isa = PBXFileReference; lastKnownFileType = sourcecode.swift; path = LLMTranslating.swift; sourceTree = "<group>"; };
		ADECB3C3CF82F240D3704697 /* DeckDocument.swift */ = {isa = PBXFileReference; lastKnownFileType = sourcecode.swift; path = DeckDocument.swift; sourceTree = "<group>"; };
		AEFB705D796FE912EEBCE3A8 /* TranslateView.swift */ = {isa = PBXFileReference; lastKnownFileType = sourcecode.swift; path = TranslateView.swift; sourceTree = "<group>"; };
		B2CBAA1ADD60B0172F2B392C /* StudyDeck.icns */ = {isa = PBXFileReference; lastKnownFileType = image.icns; path = StudyDeck.icns; sourceTree = "<group>"; };
		B2CEA4DB4ADFF28D0000B131 /* ActivityTracker.swift */ = {isa = PBXFileReference; lastKnownFileType = sourcecode.swift; path = ActivityTracker.swift; sourceTree = "<group>"; };
		BB5A857B208EB704FB7002F9 /* DictionaryView.swift */ = {isa = PBXFileReference; lastKnownFileType = sourcecode.swift; path = DictionaryView.swift; sourceTree = "<group>"; };
		BC46C1AB39A4485E72DB5E02 /* DictionaryViewModel.swift */ = {isa = PBXFileReference; lastKnownFileType = sourcecode.swift; path = DictionaryViewModel.swift; sourceTree = "<group>"; };
		C0531A694F21606D67D23931 /* TranslationActionsView.swift */ = {isa = PBXFileReference; lastKnownFileType = sourcecode.swift; path = TranslationActionsView.swift; sourceTree = "<group>"; };
		C226D9512B1D90EA20F7D6EA /* StudyView.swift */ = {isa = PBXFileReference; lastKnownFileType = sourcecode.swift; path = StudyView.swift; sourceTree = "<group>"; };
		C94C0DCC4EF06284681448AF /* VoicePreferences.swift */ = {isa = PBXFileReference; lastKnownFileType = sourcecode.swift; path = VoicePreferences.swift; sourceTree = "<group>"; };
		CC77F7C614498A32435EEE29 /* StudyView.swift */ = {isa = PBXFileReference; lastKnownFileType = sourcecode.swift; path = StudyView.swift; sourceTree = "<group>"; };
		D1C7178FF274DD62F709EC5E /* VerbEnglishFormatter.swift */ = {isa = PBXFileReference; lastKnownFileType = sourcecode.swift; path = VerbEnglishFormatter.swift; sourceTree = "<group>"; };
		D78EAB0CDCF97EFC77B9CADA /* FlashcardsPortugesIOS.app */ = {isa = PBXFileReference; includeInIndex = 0; lastKnownFileType = wrapper.application; path = FlashcardsPortugesIOS.app; sourceTree = BUILT_PRODUCTS_DIR; };
		DDBDFB2E4BA2BF47FE9CEB0D /* ChatMessageBubble.swift */ = {isa = PBXFileReference; lastKnownFileType = sourcecode.swift; path = ChatMessageBubble.swift; sourceTree = "<group>"; };
		E08F893C5FC75E1A4A43A713 /* PlatformColor.swift */ = {isa = PBXFileReference; lastKnownFileType = sourcecode.swift; path = PlatformColor.swift; sourceTree = "<group>"; };
		E3D9754B47B590A5D2531E98 /* ChatViewModel.swift */ = {isa = PBXFileReference; lastKnownFileType = sourcecode.swift; path = ChatViewModel.swift; sourceTree = "<group>"; };
		E9D14AF73A72972581B51151 /* VoicePromptBanner.swift */ = {isa = PBXFileReference; lastKnownFileType = sourcecode.swift; path = VoicePromptBanner.swift; sourceTree = "<group>"; };
		F1111E350996B4ABF6535812 /* SmartTranslateButton.swift */ = {isa = PBXFileReference; lastKnownFileType = sourcecode.swift; path = SmartTranslateButton.swift; sourceTree = "<group>"; };
		F6DE7D4F870C7386064022D4 /* ChatStore.swift */ = {isa = PBXFileReference; lastKnownFileType = sourcecode.swift; path = ChatStore.swift; sourceTree = "<group>"; };
		FA326F4E8B4D57CC124225C5 /* PathProvider.swift */ = {isa = PBXFileReference; lastKnownFileType = sourcecode.swift; path = PathProvider.swift; sourceTree = "<group>"; };
		FF206BC1AF36DE7024F09144 /* FlashcardsPortugesApp.swift */ = {isa = PBXFileReference; lastKnownFileType = sourcecode.swift; path = FlashcardsPortugesApp.swift; sourceTree = "<group>"; };
/* End PBXFileReference section */

/* Begin PBXFrameworksBuildPhase section */
		4FAF05CB3EF5751491CAAA5E /* Frameworks */ = {
			isa = PBXFrameworksBuildPhase;
			buildActionMask = 2147483647;
			files = (
				9E7EE4933D7B1DB8BB53E8B0 /* MLXSafety in Frameworks */,
				E8EDCD6A56DC7E90A1B386F0 /* MLXModelKit in Frameworks */,
			);
			runOnlyForDeploymentPostprocessing = 0;
		};
		5737DFF31F8636360537CF33 /* Frameworks */ = {
			isa = PBXFrameworksBuildPhase;
			buildActionMask = 2147483647;
			files = (
				4D8864803F43D1EC8C2F8092 /* MLXSafety in Frameworks */,
				ED48122A374FE30AFBBC6804 /* MLXModelKit in Frameworks */,
			);
			runOnlyForDeploymentPostprocessing = 0;
		};
		614DFB3EDFF1C53740E93316 /* Frameworks */ = {
			isa = PBXFrameworksBuildPhase;
			buildActionMask = 2147483647;
			files = (
				40BF91872DB21B4A2F749692 /* MLXSafety in Frameworks */,
				CE1AC7314222AF9505B71FFC /* MLXModelKit in Frameworks */,
			);
			runOnlyForDeploymentPostprocessing = 0;
		};
/* End PBXFrameworksBuildPhase section */

/* Begin PBXGroup section */
		0C95390A42B7353070BD3D2D /* Core */ = {
			isa = PBXGroup;
			children = (
				E147907A35F64689EE47BD3D /* ML */,
				F3E3D7919721F9A88EC7302C /* Models */,
				0CC0F884FA4A0B60D97D671A /* Services */,
				1279269A9BF008CC43413BDC /* ViewModels */,
			);
			path = Core;
			sourceTree = "<group>";
		};
		0CC0F884FA4A0B60D97D671A /* Services */ = {
			isa = PBXGroup;
			children = (
				B2CEA4DB4ADFF28D0000B131 /* ActivityTracker.swift */,
				8997C91F81CA8DD421E7981A /* AppAction.swift */,
				68BB2A581F6EFA2736B9D81D /* AppActionExecutor.swift */,
				29C8422A4033A094929F18DB /* ChatService.swift */,
				F6DE7D4F870C7386064022D4 /* ChatStore.swift */,
				85CC279DE5F89B25FAB279AA /* DeckFileService.swift */,
				682D0F18C27FFED9ACAAC902 /* DictionaryLookup.swift */,
				A24FEE3FC96A542553265338 /* DictionaryStore.swift */,
				A33785B6BAA65575092BA4A6 /* DictionaryStoring.swift */,
				854E30ADD471B58D9A36B311 /* LocalTranslationService.swift */,
				826FF9F4A76F8E02A467616B /* Logger.swift */,
				FA326F4E8B4D57CC124225C5 /* PathProvider.swift */,
				4692E1F8B03985410858CF47 /* PromptLoader.swift */,
				A833EE61200C245BE0CF0670 /* SpeechService.swift */,
				A226709B9297FA3A46707D0B /* TranslationService.swift */,
				00A99659C624616ABD8B5B86 /* VerbConjugator.swift */,
				D1C7178FF274DD62F709EC5E /* VerbEnglishFormatter.swift */,
				367E8D38ABB18C51A331120E /* VoiceAvailability.swift */,
				C94C0DCC4EF06284681448AF /* VoicePreferences.swift */,
			);
			path = Services;
			sourceTree = "<group>";
		};
		1279269A9BF008CC43413BDC /* ViewModels */ = {
			isa = PBXGroup;
			children = (
				E3D9754B47B590A5D2531E98 /* ChatViewModel.swift */,
				BC46C1AB39A4485E72DB5E02 /* DictionaryViewModel.swift */,
				21C9A6916CC1EB5490534012 /* StudyViewModel.swift */,
				9AED2F0B664A164CF8BA4816 /* TranslateViewModel.swift */,
				027D02FE89E93819FB90BA07 /* VerbDetailViewModel.swift */,
				9843D68C30A2DB3DBA38BC09 /* VoicePromptViewModel.swift */,
			);
			path = ViewModels;
			sourceTree = "<group>";
		};
		1A6C59043C3081A09F1DDB0B /* Sources */ = {
			isa = PBXGroup;
			children = (
				6F02BE57CF45910B1A31E3D4 /* FlashcardsPortuges */,
			);
			path = Sources;
			sourceTree = "<group>";
		};
		2E6828A32434243D62AE7893 /* macOS */ = {
			isa = PBXGroup;
			children = (
				FF206BC1AF36DE7024F09144 /* FlashcardsPortugesApp.swift */,
			);
			path = macOS;
			sourceTree = "<group>";
		};
		3BCBB0DAC195C2B3325C54D1 /* macOS */ = {
			isa = PBXGroup;
			children = (
				8419347F75D759D6E1D5AA67 /* ChatView.swift */,
				9AF948C523DA16290780E7D7 /* ContentView.swift */,
				8BD1F3E9F1E9B3BC9998F835 /* DictionaryView.swift */,
				9E623D86833D71EA1D12DB2D /* SettingsView.swift */,
				57009BBB0E1E3B2F9B1DDF1A /* StudyView.swift */,
				65FE02B61565303706281474 /* TranslateView.swift */,
				1EDDB2A9136DC0FCCEF5439D /* VerbDetailView.swift */,
			);
			path = macOS;
			sourceTree = "<group>";
		};
		428CBE6757A2CB630B7B08EA /* iOS */ = {
			isa = PBXGroup;
			children = (
				1CE37E631E30B9B95B531178 /* ChatView.swift */,
				713C6C23DEC1EC07D6B36004 /* ContentView.swift */,
				BB5A857B208EB704FB7002F9 /* DictionaryView.swift */,
				14742B44E4624B2C6BB79472 /* SettingsView.swift */,
				C226D9512B1D90EA20F7D6EA /* StudyView.swift */,
				12717331997540B9A4C33536 /* TranslateView.swift */,
				8F2969F00D949C561ED227C1 /* VerbDetailView.swift */,
			);
			path = iOS;
			sourceTree = "<group>";
		};
		53599541A1562B3FFFF66204 /* icons */ = {
			isa = PBXGroup;
			children = (
				4865A0B248EAD240A942A70E /* Flashcards.icns */,
				B2CBAA1ADD60B0172F2B392C /* StudyDeck.icns */,
			);
			path = icons;
			sourceTree = "<group>";
		};
		55ACF47BA45B962DFE3CC0F0 /* App */ = {
			isa = PBXGroup;
			children = (
				5F408AE9506C98604D8F543C /* iOS */,
				D43782BC253C8CA2FC47E3E6 /* iPadOS */,
				2E6828A32434243D62AE7893 /* macOS */,
			);
			path = App;
			sourceTree = "<group>";
		};
		5F408AE9506C98604D8F543C /* iOS */ = {
			isa = PBXGroup;
			children = (
				0D7E28A77D7F67E3459331FC /* FlashcardsPortugesIOSApp.swift */,
			);
			path = iOS;
			sourceTree = "<group>";
		};
		6F02BE57CF45910B1A31E3D4 /* FlashcardsPortuges */ = {
			isa = PBXGroup;
			children = (
				55ACF47BA45B962DFE3CC0F0 /* App */,
				0C95390A42B7353070BD3D2D /* Core */,
				718EC893C98CC3156534E663 /* Resources */,
				C92D498A35B7971E67623F27 /* Views */,
			);
			path = FlashcardsPortuges;
			sourceTree = "<group>";
		};
		718EC893C98CC3156534E663 /* Resources */ = {
			isa = PBXGroup;
			children = (
				9F79B51063D61F67DE8AE469 /* Assets.xcassets */,
				8FAD89ADFCFFD418623B99DC /* Prompts */,
			);
			path = Resources;
			sourceTree = "<group>";
		};
		7F4C1B10876E1DBFC7F4690F = {
			isa = PBXGroup;
			children = (
				53599541A1562B3FFFF66204 /* icons */,
				1A6C59043C3081A09F1DDB0B /* Sources */,
				EF25A0DD14C31E25AE9B3811 /* Products */,
			);
			sourceTree = "<group>";
		};
		82025B93E7BA3BB667549697 /* iPadOS */ = {
			isa = PBXGroup;
			children = (
				9D1A8093A38DD612394793C6 /* ChatView.swift */,
				3462C060F98C87F4E7330932 /* ContentView.swift */,
				2BEADE284150001F563CA062 /* DictionaryView.swift */,
				30786C593B7C9750C48992B8 /* SettingsView.swift */,
				CC77F7C614498A32435EEE29 /* StudyView.swift */,
				AEFB705D796FE912EEBCE3A8 /* TranslateView.swift */,
				782DA7112E8B2E5812633AD8 /* VerbDetailView.swift */,
			);
			path = iPadOS;
			sourceTree = "<group>";
		};
		C92D498A35B7971E67623F27 /* Views */ = {
			isa = PBXGroup;
			children = (
				DDBDFB2E4BA2BF47FE9CEB0D /* ChatMessageBubble.swift */,
				2B6751FDB84B4B302FBF6A2C /* DefinePopover.swift */,
				8843478178F699C32FD7DF48 /* ModelStatusPill.swift */,
				E08F893C5FC75E1A4A43A713 /* PlatformColor.swift */,
				F1111E350996B4ABF6535812 /* SmartTranslateButton.swift */,
				C0531A694F21606D67D23931 /* TranslationActionsView.swift */,
				E9D14AF73A72972581B51151 /* VoicePromptBanner.swift */,
				428CBE6757A2CB630B7B08EA /* iOS */,
				82025B93E7BA3BB667549697 /* iPadOS */,
				3BCBB0DAC195C2B3325C54D1 /* macOS */,
			);
			path = Views;
			sourceTree = "<group>";
		};
		D43782BC253C8CA2FC47E3E6 /* iPadOS */ = {
			isa = PBXGroup;
			children = (
				43AB600A24911F87050A9568 /* FlashcardsPortugesIPadApp.swift */,
			);
			path = iPadOS;
			sourceTree = "<group>";
		};
		E147907A35F64689EE47BD3D /* ML */ = {
			isa = PBXGroup;
			children = (
				5DDF827ED96EBA9EBFA5E862 /* EuroLLMCatalog.swift */,
				8F91FED7CEEDB3F6B4A7E637 /* EuroLLMTranslator.swift */,
				AB0B291F354C77B8B12FB773 /* LLMTranslating.swift */,
			);
			path = ML;
			sourceTree = "<group>";
		};
		EF25A0DD14C31E25AE9B3811 /* Products */ = {
			isa = PBXGroup;
			children = (
				1DACC4A4DACAC34578A250C9 /* FlashcardsPortuges.app */,
				D78EAB0CDCF97EFC77B9CADA /* FlashcardsPortugesIOS.app */,
				A3B7C7E6AF4A76644D894900 /* FlashcardsPortugesIPad.app */,
			);
			name = Products;
			sourceTree = "<group>";
		};
		F3E3D7919721F9A88EC7302C /* Models */ = {
			isa = PBXGroup;
			children = (
				ADECB3C3CF82F240D3704697 /* DeckDocument.swift */,
				8271019A4A13AC0F035C820F /* Flashcard.swift */,
			);
			path = Models;
			sourceTree = "<group>";
		};
/* End PBXGroup section */

/* Begin PBXNativeTarget section */
		06C56A080A43AEA09821C00C /* FlashcardsPortugesIPad */ = {
			isa = PBXNativeTarget;
			buildConfigurationList = BC4E51867CB201E692947F9F /* Build configuration list for PBXNativeTarget "FlashcardsPortugesIPad" */;
			buildPhases = (
				B57772741038E693C5986709 /* Sources */,
				AFF903CA10885284F961F7DF /* Resources */,
				4FAF05CB3EF5751491CAAA5E /* Frameworks */,
			);
			buildRules = (
			);
			dependencies = (
			);
			name = FlashcardsPortugesIPad;
			packageProductDependencies = (
				420E4646B1F2D146BEEB4E41 /* MLXSafety */,
				7652E72837590EE49116C94D /* MLXModelKit */,
			);
			productName = FlashcardsPortugesIPad;
			productReference = A3B7C7E6AF4A76644D894900 /* FlashcardsPortugesIPad.app */;
			productType = "com.apple.product-type.application";
		};
		49A19E1104F97BC7933BF815 /* FlashcardsPortuges */ = {
			isa = PBXNativeTarget;
			buildConfigurationList = 54F9D390BE6F75210855A832 /* Build configuration list for PBXNativeTarget "FlashcardsPortuges" */;
			buildPhases = (
				03183132577AC33D4601123B /* Sources */,
				329013F88D59FC188B23BD31 /* Resources */,
				5737DFF31F8636360537CF33 /* Frameworks */,
			);
			buildRules = (
			);
			dependencies = (
			);
			name = FlashcardsPortuges;
			packageProductDependencies = (
				6C367D92FBBB69517B5BDD25 /* MLXSafety */,
				DC813550B7C58652DF961CA7 /* MLXModelKit */,
			);
			productName = FlashcardsPortuges;
			productReference = 1DACC4A4DACAC34578A250C9 /* FlashcardsPortuges.app */;
			productType = "com.apple.product-type.application";
		};
		AEA46C153F95B2559BE1C0E4 /* FlashcardsPortugesIOS */ = {
			isa = PBXNativeTarget;
			buildConfigurationList = 708A751F109971BAE7964E78 /* Build configuration list for PBXNativeTarget "FlashcardsPortugesIOS" */;
			buildPhases = (
				0089BB43F23437990080FC30 /* Sources */,
				50AED709AB665604B426FC9B /* Resources */,
				614DFB3EDFF1C53740E93316 /* Frameworks */,
			);
			buildRules = (
			);
			dependencies = (
			);
			name = FlashcardsPortugesIOS;
			packageProductDependencies = (
				1D68C6C9628530354B8063B3 /* MLXSafety */,
				00ED4497382AB05A1F4A968D /* MLXModelKit */,
			);
			productName = FlashcardsPortugesIOS;
			productReference = D78EAB0CDCF97EFC77B9CADA /* FlashcardsPortugesIOS.app */;
			productType = "com.apple.product-type.application";
		};
/* End PBXNativeTarget section */

/* Begin PBXProject section */
		02D55FD309E8064A142607D3 /* Project object */ = {
			isa = PBXProject;
			attributes = {
				BuildIndependentTargetsInParallel = YES;
				LastUpgradeCheck = 1430;
				TargetAttributes = {
					06C56A080A43AEA09821C00C = {
						ProvisioningStyle = Automatic;
					};
					49A19E1104F97BC7933BF815 = {
						ProvisioningStyle = Automatic;
					};
					AEA46C153F95B2559BE1C0E4 = {
						ProvisioningStyle = Automatic;
					};
				};
			};
			buildConfigurationList = 61EEFD95B3D5E33839DB2180 /* Build configuration list for PBXProject "FlashcardsPortuges" */;
			developmentRegion = en;
			hasScannedForEncodings = 0;
			knownRegions = (
				Base,
				en,
			);
			mainGroup = 7F4C1B10876E1DBFC7F4690F;
			minimizedProjectReferenceProxies = 1;
			packageReferences = (
				71BFD466243A998D79088714 /* XCRemoteSwiftPackageReference "MLXToolbox" */,
			);
			preferredProjectObjectVersion = 77;
			productRefGroup = EF25A0DD14C31E25AE9B3811 /* Products */;
			projectDirPath = "";
			projectRoot = "";
			targets = (
				49A19E1104F97BC7933BF815 /* FlashcardsPortuges */,
				AEA46C153F95B2559BE1C0E4 /* FlashcardsPortugesIOS */,
				06C56A080A43AEA09821C00C /* FlashcardsPortugesIPad */,
			);
		};
/* End PBXProject section */

/* Begin PBXResourcesBuildPhase section */
		329013F88D59FC188B23BD31 /* Resources */ = {
			isa = PBXResourcesBuildPhase;
			buildActionMask = 2147483647;
			files = (
				A5B1964A72E25D7F1F7B7550 /* Assets.xcassets in Resources */,
				5C8B3DF8C43CD6D55FFA9AE6 /* Flashcards.icns in Resources */,
				86778AB3F85555A3B9C21E76 /* Prompts in Resources */,
				E9186979B846D93804493A89 /* StudyDeck.icns in Resources */,
			);
			runOnlyForDeploymentPostprocessing = 0;
		};
		50AED709AB665604B426FC9B /* Resources */ = {
			isa = PBXResourcesBuildPhase;
			buildActionMask = 2147483647;
			files = (
				428FB245758DDE43956A2D72 /* Assets.xcassets in Resources */,
				90E5B0E3FEB608D187AEED04 /* Prompts in Resources */,
			);
			runOnlyForDeploymentPostprocessing = 0;
		};
		AFF903CA10885284F961F7DF /* Resources */ = {
			isa = PBXResourcesBuildPhase;
			buildActionMask = 2147483647;
			files = (
				84B9391A7A928475236A75D2 /* Assets.xcassets in Resources */,
				571DBA7C9BD8B5428EE983E2 /* Prompts in Resources */,
			);
			runOnlyForDeploymentPostprocessing = 0;
		};
/* End PBXResourcesBuildPhase section */

/* Begin PBXSourcesBuildPhase section */
		0089BB43F23437990080FC30 /* Sources */ = {
			isa = PBXSourcesBuildPhase;
			buildActionMask = 2147483647;
			files = (
				3FA013C1E5EB190B07EA0357 /* ActivityTracker.swift in Sources */,
				942C6D26590E59285D06B14F /* AppAction.swift in Sources */,
				5DE650C0C4976960D52F3436 /* AppActionExecutor.swift in Sources */,
				4E0D7D021B5BACE7B0FF668D /* ChatMessageBubble.swift in Sources */,
				1AEDF18B85B986957978B4CE /* ChatService.swift in Sources */,
				B348D4EB45341DE227D597CE /* ChatStore.swift in Sources */,
				2BB9F23F06265F0F83289A2C /* ChatView.swift in Sources */,
				A1739A3554775EECD22E81A3 /* ChatViewModel.swift in Sources */,
				66DC6F08ADAB7B865D55CB10 /* ContentView.swift in Sources */,
				7E4FE0E3AACAD920CFBD3EC0 /* DeckDocument.swift in Sources */,
				622DDC389559F128A81A94AC /* DeckFileService.swift in Sources */,
				3707E7EB4B1BCB16375DB23D /* DefinePopover.swift in Sources */,
				60C6188D0D7BF93F73CC72AA /* DictionaryLookup.swift in Sources */,
				CD4603B79A098227ECAB9018 /* DictionaryStore.swift in Sources */,
				0CA64FD6C646F92F796F9EE5 /* DictionaryStoring.swift in Sources */,
				A2A60CC5598EC70BC33E1B32 /* DictionaryView.swift in Sources */,
				FE3804813E4CBE54B03D67D4 /* DictionaryViewModel.swift in Sources */,
				AC8741E880BB4CC181DD4779 /* EuroLLMCatalog.swift in Sources */,
				59629E4330752DB891349DDB /* EuroLLMTranslator.swift in Sources */,
				3803DED1BDB6971CE7BA053D /* Flashcard.swift in Sources */,
				63924A4D08B0CBF4A1620482 /* FlashcardsPortugesIOSApp.swift in Sources */,
				0409B45729F953A37F7B2AE7 /* LLMTranslating.swift in Sources */,
				252AE18060D37288B811A1D8 /* LocalTranslationService.swift in Sources */,
				35836039E71480CD59D5B3E2 /* Logger.swift in Sources */,
				9811CBB290D2D6B03A1999DB /* ModelStatusPill.swift in Sources */,
				D878D5AFE552FC654C71F2C1 /* PathProvider.swift in Sources */,
				62EFF547CEBFB572663E9A1D /* PlatformColor.swift in Sources */,
				F7F8A482362271CD610363DB /* PromptLoader.swift in Sources */,
				E0044A03FC900A84073C6767 /* SettingsView.swift in Sources */,
				193D6E5D590118E8EADD16C3 /* SmartTranslateButton.swift in Sources */,
				8A978AE8EA16262DA2232E8A /* SpeechService.swift in Sources */,
				2787976A475DC2968203C6A1 /* StudyView.swift in Sources */,
				16A50B603FEF2C3192A8940D /* StudyViewModel.swift in Sources */,
				F2776173D980D73277CBEBCB /* TranslateView.swift in Sources */,
				9A6CADC78F5E83A2C270C51C /* TranslateViewModel.swift in Sources */,
				0A84FEA84D1B7331CC630CD5 /* TranslationActionsView.swift in Sources */,
				C8C44B72CE7D8ACB5099DD76 /* TranslationService.swift in Sources */,
				0048EC3351EDA1C2B159E069 /* VerbConjugator.swift in Sources */,
				1DA91505A6F4BBCFF72C17A8 /* VerbDetailView.swift in Sources */,
				4016B16EF82E46E2D10EA670 /* VerbDetailViewModel.swift in Sources */,
				55FFE1896306EBB5FE464590 /* VerbEnglishFormatter.swift in Sources */,
				801B3B42C22AD8AC092ED78C /* VoiceAvailability.swift in Sources */,
				833EDC7558CA9DD73F055D38 /* VoicePreferences.swift in Sources */,
				347706C456B5A7EE787073E5 /* VoicePromptBanner.swift in Sources */,
				00550350DD1B34BA545F07C4 /* VoicePromptViewModel.swift in Sources */,
			);
			runOnlyForDeploymentPostprocessing = 0;
		};
		03183132577AC33D4601123B /* Sources */ = {
			isa = PBXSourcesBuildPhase;
			buildActionMask = 2147483647;
			files = (
				A7A96D8D0EEEA025EC33BE7B /* ActivityTracker.swift in Sources */,
				BD624F0EC7261825ED0FDE99 /* AppAction.swift in Sources */,
				788D21F094744A8DAB31EF4F /* AppActionExecutor.swift in Sources */,
				6F7EED5DC7F9446212D373F3 /* ChatMessageBubble.swift in Sources */,
				BEB85E91BBBABCFD106B0DA0 /* ChatService.swift in Sources */,
				FAC70D3EBEE5F4D94A2D6A26 /* ChatStore.swift in Sources */,
				D208C3AEC7E55A74AA8F9DDD /* ChatView.swift in Sources */,
				F0516873F3E3B00AB2EA557B /* ChatViewModel.swift in Sources */,
				FA8EDD5CCB4D8AE00674D699 /* ContentView.swift in Sources */,
				D2FD244F0E7C0E7D87E3649E /* DeckDocument.swift in Sources */,
				AA6735AC7445D95405987A8A /* DeckFileService.swift in Sources */,
				CDB073218C1B8F50CDBCF5C0 /* DefinePopover.swift in Sources */,
				8393C1F302837BA09588A7B4 /* DictionaryLookup.swift in Sources */,
				2C2113190DC2EFD82AE70386 /* DictionaryStore.swift in Sources */,
				38F3B474D38A0B50075F5A19 /* DictionaryStoring.swift in Sources */,
				02301B985549C9458FE0534A /* DictionaryView.swift in Sources */,
				568D511E399D3ED722D2940C /* DictionaryViewModel.swift in Sources */,
				F11BC93E75FA505103F9FA92 /* EuroLLMCatalog.swift in Sources */,
				15FC8FD99D3F97FD39AB4C76 /* EuroLLMTranslator.swift in Sources */,
				67161F94C05DFFBEC6211A21 /* Flashcard.swift in Sources */,
				1F1D32A1CF50DD562C819680 /* FlashcardsPortugesApp.swift in Sources */,
				482BFB459BD70F34BCFCBA50 /* LLMTranslating.swift in Sources */,
				5529AD37DB88444DC0C85CA5 /* LocalTranslationService.swift in Sources */,
				B203287F5A69D585A7D6C444 /* Logger.swift in Sources */,
				C3390E7A4A734EBD2FC553F8 /* ModelStatusPill.swift in Sources */,
				69CC4B0CA1F2D812D78522B3 /* PathProvider.swift in Sources */,
				30D2ACE31E89764DB9C7C973 /* PlatformColor.swift in Sources */,
				797D31FD7471E1896E7D72BE /* PromptLoader.swift in Sources */,
				805D14AA1653B8CAF8185DA5 /* SettingsView.swift in Sources */,
				4DE617E6014260D64001D359 /* SmartTranslateButton.swift in Sources */,
				C7C8288BA4BA8467BEB7ACB1 /* SpeechService.swift in Sources */,
				C7851CFB18F3D03D97A95EB6 /* StudyView.swift in Sources */,
				6397AEA657C6C6020FEB3DE7 /* StudyViewModel.swift in Sources */,
				EA277E94BF426416757BEBCA /* TranslateView.swift in Sources */,
				EBC6129EF99AB3F75CC86C66 /* TranslateViewModel.swift in Sources */,
				49966CF9C3CD8F0AAFEFA42D /* TranslationActionsView.swift in Sources */,
				8D0C36BB58FC339F940E6239 /* TranslationService.swift in Sources */,
				97AE1C77569FDFE5BFEACDEB /* VerbConjugator.swift in Sources */,
				AB67E183E982480165F89389 /* VerbDetailView.swift in Sources */,
				CC79BBCE920BF97498BCA98D /* VerbDetailViewModel.swift in Sources */,
				91B44796426BEA8B4ED8D218 /* VerbEnglishFormatter.swift in Sources */,
				9057A0930D21D3B81ED12E74 /* VoiceAvailability.swift in Sources */,
				D6EA9F481DD50B58F28F9C06 /* VoicePreferences.swift in Sources */,
				98BF9A5F6046E1D07C0AD2FA /* VoicePromptBanner.swift in Sources */,
				A76D8BA7D88DF470411F1E41 /* VoicePromptViewModel.swift in Sources */,
			);
			runOnlyForDeploymentPostprocessing = 0;
		};
		B57772741038E693C5986709 /* Sources */ = {
			isa = PBXSourcesBuildPhase;
			buildActionMask = 2147483647;
			files = (
				595B1C8FC8A8581A6F9CF0F8 /* ActivityTracker.swift in Sources */,
				3E1FC252FDCD6439591BEC21 /* AppAction.swift in Sources */,
				FE5B50E04EAAC4AC9E71F5BA /* AppActionExecutor.swift in Sources */,
				96538899197EA8C96FE39F2D /* ChatMessageBubble.swift in Sources */,
				C180670FF8FA789B889564BF /* ChatService.swift in Sources */,
				05E945CACD79E7E8E3FD7B21 /* ChatStore.swift in Sources */,
				12CA2AC005D0E7BD250EEE53 /* ChatView.swift in Sources */,
				15F3531A6F18D1F9784CCA8A /* ChatViewModel.swift in Sources */,
				7C5514AEF742337DA00870B7 /* ContentView.swift in Sources */,
				23D0AD0CBABF5826D3EB689A /* DeckDocument.swift in Sources */,
				A4D39D0EFE4944726CDF1BE7 /* DeckFileService.swift in Sources */,
				FEB5C59B70E15E968BEBB2ED /* DefinePopover.swift in Sources */,
				A5CC98CBE3DA66501EC07B6D /* DictionaryLookup.swift in Sources */,
				16A94417A1EC6ABE640CD4DA /* DictionaryStore.swift in Sources */,
				FF5143AAA40996BC2031FD00 /* DictionaryStoring.swift in Sources */,
				221079FE9BC78CABC3E52A51 /* DictionaryView.swift in Sources */,
				F151287FEB2B2441CBC98C93 /* DictionaryViewModel.swift in Sources */,
				BDCB1759D9D8CD8F9F0B6F4D /* EuroLLMCatalog.swift in Sources */,
				F9301A240EC962C700BF4F91 /* EuroLLMTranslator.swift in Sources */,
				012388EC4F5588FE009148D8 /* Flashcard.swift in Sources */,
				558F05D12637BBBCA3BC87B4 /* FlashcardsPortugesIPadApp.swift in Sources */,
				93534A0558C2748C7981A8EF /* LLMTranslating.swift in Sources */,
				FB5F02E0134A80CBDA6A1E70 /* LocalTranslationService.swift in Sources */,
				48C6DB8D47DCC5B6587CA079 /* Logger.swift in Sources */,
				EC7AA33016E433FDF456D339 /* ModelStatusPill.swift in Sources */,
				819C826233394E622E777E04 /* PathProvider.swift in Sources */,
				C7E708F35423F4DF9DAC0EAF /* PlatformColor.swift in Sources */,
				BC9A9A77B0AD741375188A81 /* PromptLoader.swift in Sources */,
				5179BFA788AB3E2A1C8767E4 /* SettingsView.swift in Sources */,
				F38911D75343631EDCC6CB72 /* SmartTranslateButton.swift in Sources */,
				555A14DE7C2BC0633F5DB609 /* SpeechService.swift in Sources */,
				3C80C6918A2A95247662CF21 /* StudyView.swift in Sources */,
				1863D225CF8420B295909CCF /* StudyViewModel.swift in Sources */,
				723311A57997A2F6CA5DAE97 /* TranslateView.swift in Sources */,
				382D639B9205649321245934 /* TranslateViewModel.swift in Sources */,
				66BA5D81E81B6293D5F3ABE9 /* TranslationActionsView.swift in Sources */,
				2B13C98678E537997130C391 /* TranslationService.swift in Sources */,
				2386D05291788F2E3C8004C8 /* VerbConjugator.swift in Sources */,
				C5B87FA8763F48636E802DAE /* VerbDetailView.swift in Sources */,
				DD23BAECB4E746F31B7300F8 /* VerbDetailViewModel.swift in Sources */,
				10B04D75D42269476596C3A7 /* VerbEnglishFormatter.swift in Sources */,
				723A1E9ED8779BD352F35DCB /* VoiceAvailability.swift in Sources */,
				800CB8A77AF1561EDEC8835E /* VoicePreferences.swift in Sources */,
				862A758B84419B40019214EC /* VoicePromptBanner.swift in Sources */,
				92A8F349684EB0A6E80DBAFD /* VoicePromptViewModel.swift in Sources */,
			);
			runOnlyForDeploymentPostprocessing = 0;
		};
/* End PBXSourcesBuildPhase section */

/* Begin XCBuildConfiguration section */
		211C43C9E1FF744BCD5F4BA5 /* Debug */ = {
			isa = XCBuildConfiguration;
			buildSettings = {
				ASSETCATALOG_COMPILER_APPICON_NAME = "";
				CODE_SIGN_ENTITLEMENTS = FlashcardsPortuges.entitlements;
				COMBINE_HIDPI_IMAGES = YES;
				ENABLE_HARDENED_RUNTIME = YES;
				INFOPLIST_FILE = Info.plist;
				LD_RUNPATH_SEARCH_PATHS = (
					"$(inherited)",
					"@executable_path/../Frameworks",
				);
				MACOSX_DEPLOYMENT_TARGET = 14.0;
				PRODUCT_NAME = FlashcardsPortuges;
				SDKROOT = macosx;
			};
			name = Debug;
		};
		3D378163A06C41DC854D9DC8 /* Release */ = {
			isa = XCBuildConfiguration;
			buildSettings = {
				ASSETCATALOG_COMPILER_APPICON_NAME = "";
				CODE_SIGN_ENTITLEMENTS = FlashcardsPortuges.entitlements;
				COMBINE_HIDPI_IMAGES = YES;
				ENABLE_HARDENED_RUNTIME = YES;
				INFOPLIST_FILE = Info.plist;
				LD_RUNPATH_SEARCH_PATHS = (
					"$(inherited)",
					"@executable_path/../Frameworks",
				);
				MACOSX_DEPLOYMENT_TARGET = 14.0;
				PRODUCT_NAME = FlashcardsPortuges;
				SDKROOT = macosx;
			};
			name = Release;
		};
		765990AE744FFC600EBF4CE1 /* Release */ = {
			isa = XCBuildConfiguration;
			buildSettings = {
				ALWAYS_SEARCH_USER_PATHS = NO;
				CLANG_ANALYZER_NONNULL = YES;
				CLANG_ANALYZER_NUMBER_OBJECT_CONVERSION = YES_AGGRESSIVE;
				CLANG_CXX_LANGUAGE_STANDARD = "gnu++14";
				CLANG_CXX_LIBRARY = "libc++";
				CLANG_ENABLE_MODULES = YES;
				CLANG_ENABLE_OBJC_ARC = YES;
				CLANG_ENABLE_OBJC_WEAK = YES;
				CLANG_WARN_BLOCK_CAPTURE_AUTORELEASING = YES;
				CLANG_WARN_BOOL_CONVERSION = YES;
				CLANG_WARN_COMMA = YES;
				CLANG_WARN_CONSTANT_CONVERSION = YES;
				CLANG_WARN_DEPRECATED_OBJC_IMPLEMENTATIONS = YES;
				CLANG_WARN_DIRECT_OBJC_ISA_USAGE = YES_ERROR;
				CLANG_WARN_DOCUMENTATION_COMMENTS = YES;
				CLANG_WARN_EMPTY_BODY = YES;
				CLANG_WARN_ENUM_CONVERSION = YES;
				CLANG_WARN_INFINITE_RECURSION = YES;
				CLANG_WARN_INT_CONVERSION = YES;
				CLANG_WARN_NON_LITERAL_NULL_CONVERSION = YES;
				CLANG_WARN_OBJC_IMPLICIT_RETAIN_SELF = YES;
				CLANG_WARN_OBJC_LITERAL_CONVERSION = YES;
				CLANG_WARN_OBJC_ROOT_CLASS = YES_ERROR;
				CLANG_WARN_QUOTED_INCLUDE_IN_FRAMEWORK_HEADER = YES;
				CLANG_WARN_RANGE_LOOP_ANALYSIS = YES;
				CLANG_WARN_STRICT_PROTOTYPES = YES;
				CLANG_WARN_SUSPICIOUS_MOVE = YES;
				CLANG_WARN_UNGUARDED_AVAILABILITY = YES_AGGRESSIVE;
				CLANG_WARN_UNREACHABLE_CODE = YES;
				CLANG_WARN__DUPLICATE_METHOD_MATCH = YES;
				CODE_SIGN_IDENTITY = "-";
				CODE_SIGN_STYLE = Automatic;
				COPY_PHASE_STRIP = NO;
				DEAD_CODE_STRIPPING = YES;
				DEBUG_INFORMATION_FORMAT = "dwarf-with-dsym";
				ENABLE_NS_ASSERTIONS = NO;
				ENABLE_STRICT_OBJC_MSGSEND = YES;
				GCC_C_LANGUAGE_STANDARD = gnu11;
				GCC_NO_COMMON_BLOCKS = YES;
				GCC_WARN_64_TO_32_BIT_CONVERSION = YES;
				GCC_WARN_ABOUT_RETURN_TYPE = YES_ERROR;
				GCC_WARN_UNDECLARED_SELECTOR = YES;
				GCC_WARN_UNINITIALIZED_AUTOS = YES_AGGRESSIVE;
				GCC_WARN_UNUSED_FUNCTION = YES;
				GCC_WARN_UNUSED_VARIABLE = YES;
				GENERATE_INFOPLIST_FILE = NO;
				IPHONEOS_DEPLOYMENT_TARGET = 17.0;
				MACOSX_DEPLOYMENT_TARGET = 14.0;
				MTL_ENABLE_DEBUG_INFO = NO;
				MTL_FAST_MATH = YES;
				PRODUCT_BUNDLE_IDENTIFIER = com.nyteshade.flashcards.portugues;
				PRODUCT_NAME = "$(TARGET_NAME)";
				SWIFT_COMPILATION_MODE = wholemodule;
				SWIFT_OPTIMIZATION_LEVEL = "-O";
				SWIFT_STRICT_CONCURRENCY = minimal;
				SWIFT_VERSION = 6.0;
			};
			name = Release;
		};
		8ABAB1B4F267BDE53FF8B5A0 /* Debug */ = {
			isa = XCBuildConfiguration;
			buildSettings = {
				ASSETCATALOG_COMPILER_APPICON_NAME = AppIcon;
				CODE_SIGN_ENTITLEMENTS = "FlashcardsPortuges-iOS.entitlements";
				CODE_SIGN_IDENTITY = "iPhone Developer";
				ENABLE_HARDENED_RUNTIME = NO;
				INFOPLIST_FILE = "Info-iPadOS.plist";
				IPHONEOS_DEPLOYMENT_TARGET = 17.0;
				LD_RUNPATH_SEARCH_PATHS = (
					"$(inherited)",
					"@executable_path/Frameworks",
				);
				PRODUCT_NAME = FlashcardsPortuges;
				SDKROOT = iphoneos;
				TARGETED_DEVICE_FAMILY = 2;
			};
			name = Debug;
		};
		8EC0BAB32FAE3C8613200F63 /* Debug */ = {
			isa = XCBuildConfiguration;
			buildSettings = {
				ALWAYS_SEARCH_USER_PATHS = NO;
				CLANG_ANALYZER_NONNULL = YES;
				CLANG_ANALYZER_NUMBER_OBJECT_CONVERSION = YES_AGGRESSIVE;
				CLANG_CXX_LANGUAGE_STANDARD = "gnu++14";
				CLANG_CXX_LIBRARY = "libc++";
				CLANG_ENABLE_MODULES = YES;
				CLANG_ENABLE_OBJC_ARC = YES;
				CLANG_ENABLE_OBJC_WEAK = YES;
				CLANG_WARN_BLOCK_CAPTURE_AUTORELEASING = YES;
				CLANG_WARN_BOOL_CONVERSION = YES;
				CLANG_WARN_COMMA = YES;
				CLANG_WARN_CONSTANT_CONVERSION = YES;
				CLANG_WARN_DEPRECATED_OBJC_IMPLEMENTATIONS = YES;
				CLANG_WARN_DIRECT_OBJC_ISA_USAGE = YES_ERROR;
				CLANG_WARN_DOCUMENTATION_COMMENTS = YES;
				CLANG_WARN_EMPTY_BODY = YES;
				CLANG_WARN_ENUM_CONVERSION = YES;
				CLANG_WARN_INFINITE_RECURSION = YES;
				CLANG_WARN_INT_CONVERSION = YES;
				CLANG_WARN_NON_LITERAL_NULL_CONVERSION = YES;
				CLANG_WARN_OBJC_IMPLICIT_RETAIN_SELF = YES;
				CLANG_WARN_OBJC_LITERAL_CONVERSION = YES;
				CLANG_WARN_OBJC_ROOT_CLASS = YES_ERROR;
				CLANG_WARN_QUOTED_INCLUDE_IN_FRAMEWORK_HEADER = YES;
				CLANG_WARN_RANGE_LOOP_ANALYSIS = YES;
				CLANG_WARN_STRICT_PROTOTYPES = YES;
				CLANG_WARN_SUSPICIOUS_MOVE = YES;
				CLANG_WARN_UNGUARDED_AVAILABILITY = YES_AGGRESSIVE;
				CLANG_WARN_UNREACHABLE_CODE = YES;
				CLANG_WARN__DUPLICATE_METHOD_MATCH = YES;
				CODE_SIGN_IDENTITY = "-";
				CODE_SIGN_STYLE = Automatic;
				COPY_PHASE_STRIP = NO;
				DEAD_CODE_STRIPPING = YES;
				DEBUG_INFORMATION_FORMAT = dwarf;
				ENABLE_STRICT_OBJC_MSGSEND = YES;
				ENABLE_TESTABILITY = YES;
				GCC_C_LANGUAGE_STANDARD = gnu11;
				GCC_DYNAMIC_NO_PIC = NO;
				GCC_NO_COMMON_BLOCKS = YES;
				GCC_OPTIMIZATION_LEVEL = 0;
				GCC_PREPROCESSOR_DEFINITIONS = (
					"$(inherited)",
					"DEBUG=1",
				);
				GCC_WARN_64_TO_32_BIT_CONVERSION = YES;
				GCC_WARN_ABOUT_RETURN_TYPE = YES_ERROR;
				GCC_WARN_UNDECLARED_SELECTOR = YES;
				GCC_WARN_UNINITIALIZED_AUTOS = YES_AGGRESSIVE;
				GCC_WARN_UNUSED_FUNCTION = YES;
				GCC_WARN_UNUSED_VARIABLE = YES;
				GENERATE_INFOPLIST_FILE = NO;
				IPHONEOS_DEPLOYMENT_TARGET = 17.0;
				MACOSX_DEPLOYMENT_TARGET = 14.0;
				MTL_ENABLE_DEBUG_INFO = INCLUDE_SOURCE;
				MTL_FAST_MATH = YES;
				ONLY_ACTIVE_ARCH = YES;
				PRODUCT_BUNDLE_IDENTIFIER = com.nyteshade.flashcards.portugues;
				PRODUCT_NAME = "$(TARGET_NAME)";
				SWIFT_ACTIVE_COMPILATION_CONDITIONS = DEBUG;
				SWIFT_OPTIMIZATION_LEVEL = "-Onone";
				SWIFT_STRICT_CONCURRENCY = minimal;
				SWIFT_VERSION = 6.0;
			};
			name = Debug;
		};
		E5C40FA9AE7768D188106871 /* Release */ = {
			isa = XCBuildConfiguration;
			buildSettings = {
				ASSETCATALOG_COMPILER_APPICON_NAME = AppIcon;
				CODE_SIGN_ENTITLEMENTS = "FlashcardsPortuges-iOS.entitlements";
				CODE_SIGN_IDENTITY = "iPhone Developer";
				ENABLE_HARDENED_RUNTIME = NO;
				INFOPLIST_FILE = "Info-iOS.plist";
				IPHONEOS_DEPLOYMENT_TARGET = 17.0;
				LD_RUNPATH_SEARCH_PATHS = (
					"$(inherited)",
					"@executable_path/Frameworks",
				);
				PRODUCT_NAME = FlashcardsPortuges;
				SDKROOT = iphoneos;
				TARGETED_DEVICE_FAMILY = 1;
			};
			name = Release;
		};
		F35CF5F35D2F987A105694CD /* Release */ = {
			isa = XCBuildConfiguration;
			buildSettings = {
				ASSETCATALOG_COMPILER_APPICON_NAME = AppIcon;
				CODE_SIGN_ENTITLEMENTS = "FlashcardsPortuges-iOS.entitlements";
				CODE_SIGN_IDENTITY = "iPhone Developer";
				ENABLE_HARDENED_RUNTIME = NO;
				INFOPLIST_FILE = "Info-iPadOS.plist";
				IPHONEOS_DEPLOYMENT_TARGET = 17.0;
				LD_RUNPATH_SEARCH_PATHS = (
					"$(inherited)",
					"@executable_path/Frameworks",
				);
				PRODUCT_NAME = FlashcardsPortuges;
				SDKROOT = iphoneos;
				TARGETED_DEVICE_FAMILY = 2;
			};
			name = Release;
		};
		F38823889734E6B0C917F0D7 /* Debug */ = {
			isa = XCBuildConfiguration;
			buildSettings = {
				ASSETCATALOG_COMPILER_APPICON_NAME = AppIcon;
				CODE_SIGN_ENTITLEMENTS = "FlashcardsPortuges-iOS.entitlements";
				CODE_SIGN_IDENTITY = "iPhone Developer";
				ENABLE_HARDENED_RUNTIME = NO;
				INFOPLIST_FILE = "Info-iOS.plist";
				IPHONEOS_DEPLOYMENT_TARGET = 17.0;
				LD_RUNPATH_SEARCH_PATHS = (
					"$(inherited)",
					"@executable_path/Frameworks",
				);
				PRODUCT_NAME = FlashcardsPortuges;
				SDKROOT = iphoneos;
				TARGETED_DEVICE_FAMILY = 1;
			};
			name = Debug;
		};
/* End XCBuildConfiguration section */

/* Begin XCConfigurationList section */
		54F9D390BE6F75210855A832 /* Build configuration list for PBXNativeTarget "FlashcardsPortuges" */ = {
			isa = XCConfigurationList;
			buildConfigurations = (
				211C43C9E1FF744BCD5F4BA5 /* Debug */,
				3D378163A06C41DC854D9DC8 /* Release */,
			);
			defaultConfigurationIsVisible = 0;
			defaultConfigurationName = Debug;
		};
		61EEFD95B3D5E33839DB2180 /* Build configuration list for PBXProject "FlashcardsPortuges" */ = {
			isa = XCConfigurationList;
			buildConfigurations = (
				8EC0BAB32FAE3C8613200F63 /* Debug */,
				765990AE744FFC600EBF4CE1 /* Release */,
			);
			defaultConfigurationIsVisible = 0;
			defaultConfigurationName = Debug;
		};
		708A751F109971BAE7964E78 /* Build configuration list for PBXNativeTarget "FlashcardsPortugesIOS" */ = {
			isa = XCConfigurationList;
			buildConfigurations = (
				F38823889734E6B0C917F0D7 /* Debug */,
				E5C40FA9AE7768D188106871 /* Release */,
			);
			defaultConfigurationIsVisible = 0;
			defaultConfigurationName = Debug;
		};
		BC4E51867CB201E692947F9F /* Build configuration list for PBXNativeTarget "FlashcardsPortugesIPad" */ = {
			isa = XCConfigurationList;
			buildConfigurations = (
				8ABAB1B4F267BDE53FF8B5A0 /* Debug */,
				F35CF5F35D2F987A105694CD /* Release */,
			);
			defaultConfigurationIsVisible = 0;
			defaultConfigurationName = Debug;
		};
/* End XCConfigurationList section */

/* Begin XCRemoteSwiftPackageReference section */
		71BFD466243A998D79088714 /* XCRemoteSwiftPackageReference "MLXToolbox" */ = {
			isa = XCRemoteSwiftPackageReference;
			repositoryURL = "https://github.com/nyteshade/MLXToolbox";
			requirement = {
				kind = upToNextMajorVersion;
				minimumVersion = 0.1.0;
			};
		};
/* End XCRemoteSwiftPackageReference section */

/* Begin XCSwiftPackageProductDependency section */
		00ED4497382AB05A1F4A968D /* MLXModelKit */ = {
			isa = XCSwiftPackageProductDependency;
			package = 71BFD466243A998D79088714 /* XCRemoteSwiftPackageReference "MLXToolbox" */;
			productName = MLXModelKit;
		};
		1D68C6C9628530354B8063B3 /* MLXSafety */ = {
			isa = XCSwiftPackageProductDependency;
			package = 71BFD466243A998D79088714 /* XCRemoteSwiftPackageReference "MLXToolbox" */;
			productName = MLXSafety;
		};
		420E4646B1F2D146BEEB4E41 /* MLXSafety */ = {
			isa = XCSwiftPackageProductDependency;
			package = 71BFD466243A998D79088714 /* XCRemoteSwiftPackageReference "MLXToolbox" */;
			productName = MLXSafety;
		};
		6C367D92FBBB69517B5BDD25 /* MLXSafety */ = {
			isa = XCSwiftPackageProductDependency;
			package = 71BFD466243A998D79088714 /* XCRemoteSwiftPackageReference "MLXToolbox" */;
			productName = MLXSafety;
		};
		7652E72837590EE49116C94D /* MLXModelKit */ = {
			isa = XCSwiftPackageProductDependency;
			package = 71BFD466243A998D79088714 /* XCRemoteSwiftPackageReference "MLXToolbox" */;
			productName = MLXModelKit;
		};
		DC813550B7C58652DF961CA7 /* MLXModelKit */ = {
			isa = XCSwiftPackageProductDependency;
			package = 71BFD466243A998D79088714 /* XCRemoteSwiftPackageReference "MLXToolbox" */;
			productName = MLXModelKit;
		};
/* End XCSwiftPackageProductDependency section */
	};
	rootObject = 02D55FD309E8064A142607D3 /* Project object */;
}
